PODS:
  - Flutter (1.0.0)
  - flutter_youtube (0.0.1):
    - Flutter
    - XCDYouTubeKit
  - path_provider (0.0.1):
    - Flutter
  - url_launcher (0.0.1):
    - Flutter
  - XCDYouTubeKit (2.5.6)

DEPENDENCIES:
  - Flutter (from `.symlinks/flutter/ios`)
  - flutter_youtube (from `.symlinks/plugins/flutter_youtube/ios`)
  - path_provider (from `.symlinks/plugins/path_provider/ios`)
  - url_launcher (from `.symlinks/plugins/url_launcher/ios`)

SPEC REPOS:
  https://github.com/cocoapods/specs.git:
    - XCDYouTubeKit

EXTERNAL SOURCES:
  Flutter:
    :path: ".symlinks/flutter/ios"
  flutter_youtube:
    :path: ".symlinks/plugins/flutter_youtube/ios"
  path_provider:
    :path: ".symlinks/plugins/path_provider/ios"
  url_launcher:
    :path: ".symlinks/plugins/url_launcher/ios"

SPEC CHECKSUMS:
  Flutter: 4957b398471897128f10e75fb106010e0c94676e
  flutter_youtube: 80310bd5a527bb5f5a9cb2406a498ddb1da62fa3
  path_provider: 3266194bc1f25a5baa8f6e7a5ff615c4ca6fe553
  url_launcher: 92b89c1029a0373879933c21642958c874539095
  XCDYouTubeKit: dccfe0c17dd5c5187969ec27e93069573badb08f

PODFILE CHECKSUM: aff02bfeed411c636180d6812254b2daeea14d09

COCOAPODS: 1.5.3
